
Microsoft Visual Studio Solution File, Format Version 12.00
# Visual Studio Version 16
VisualStudioVersion = 16.0.30711.63
MinimumVisualStudioVersion = 10.0.40219.1
Project("{FAE04EC0-301F-11D3-BF4B-00C04F79EFBC}") = "JwtApiSimple", "JwtApiSimple\JwtApiSimple.csproj", "{0098A6A3-5E2A-4B41-B2E9-4B795642F5AA}"
EndProject
Global
	GlobalSection(SolutionConfigurationPlatforms) = preSolution
		Debug|Any CPU = Debug|Any CPU
		Release|Any CPU = Release|Any CPU
	EndGlobalSection
	GlobalSection(ProjectConfigurationPlatforms) = postSolution
		{0098A6A3-5E2A-4B41-B2E9-4B795642F5AA}.Debug|Any CPU.ActiveCfg = Debug|Any CPU
		{0098A6A3-5E2A-4B41-B2E9-4B795642F5AA}.Debug|Any CPU.Build.0 = Debug|Any CPU
		{0098A6A3-5E2A-4B41-B2E9-4B795642F5AA}.Release|Any CPU.ActiveCfg = Release|Any CPU
		{0098A6A3-5E2A-4B41-B2E9-4B795642F5AA}.Release|Any CPU.Build.0 = Release|Any CPU
	EndGlobalSection
	GlobalSection(SolutionProperties) = preSolution
		HideSolutionNode = FALSE
	EndGlobalSection
	GlobalSection(ExtensibilityGlobals) = postSolution
		SolutionGuid = {FB102B05-DD28-415D-ACA5-621D9DEFCBCF}
	EndGlobalSection
EndGlobal
